
Microsoft Visual Studio Solution File, Format Version 12.00
# Visual Studio Version 17
VisualStudioVersion = 17.1.32421.90
MinimumVisualStudioVersion = 10.0.40219.1
Project("{2150E333-8FDC-42A3-9474-1A3956D46DE8}") = "Targets", "Targets", "{697A58F1-5653-4015-9365-BCE84E486C77}"
EndProject
Project("{2150E333-8FDC-42A3-9474-1A3956D46DE8}") = "UseCases", "UseCases", "{86EFD9C2-DFED-41A1-B8F5-63D2CB4D1F54}"
EndProject
Project("{FAE04EC0-301F-11D3-BF4B-00C04F79EFBC}") = "Targets.DateNowApi", "Targets.DateNowApi\Targets.DateNowApi.csproj", "{EB89056D-E611-41EA-B202-8BDC27C9FACD}"
EndProject
Project("{FAE04EC0-301F-11D3-BF4B-00C04F79EFBC}") = "Cases.CallDateNowStandalone", "Cases.CallDateNow\Cases.CallDateNowStandalone.csproj", "{3C90E77C-62C3-459B-96F8-5298254F64BF}"
EndProject
Project("{FAE04EC0-301F-11D3-BF4B-00C04F79EFBC}") = "Cases.xUnitInMemoryTest", "Cases.xUnitInMemoryTest\Cases.xUnitInMemoryTest.csproj", "{A482320B-5D07-4BF8-9D83-205695EDBF83}"
EndProject
Project("{FAE04EC0-301F-11D3-BF4B-00C04F79EFBC}") = "Cases.NBomberDotnetTest", "Cases.NBomberDotnetTest\Cases.NBomberDotnetTest.csproj", "{448262E2-F6B6-4F41-929E-FAE7BDF3EA45}"
EndProject
Project("{FAE04EC0-301F-11D3-BF4B-00C04F79EFBC}") = "Utils", "Utils\Utils.csproj", "{9F7EFAA5-23B2-4F62-B604-A10202870021}"
EndProject
Global
	GlobalSection(SolutionConfigurationPlatforms) = preSolution
		Debug|Any CPU = Debug|Any CPU
		Release|Any CPU = Release|Any CPU
	EndGlobalSection
	GlobalSection(ProjectConfigurationPlatforms) = postSolution
		{EB89056D-E611-41EA-B202-8BDC27C9FACD}.Debug|Any CPU.ActiveCfg = Debug|Any CPU
		{EB89056D-E611-41EA-B202-8BDC27C9FACD}.Debug|Any CPU.Build.0 = Debug|Any CPU
		{EB89056D-E611-41EA-B202-8BDC27C9FACD}.Release|Any CPU.ActiveCfg = Release|Any CPU
		{EB89056D-E611-41EA-B202-8BDC27C9FACD}.Release|Any CPU.Build.0 = Release|Any CPU
		{3C90E77C-62C3-459B-96F8-5298254F64BF}.Debug|Any CPU.ActiveCfg = Debug|Any CPU
		{3C90E77C-62C3-459B-96F8-5298254F64BF}.Debug|Any CPU.Build.0 = Debug|Any CPU
		{3C90E77C-62C3-459B-96F8-5298254F64BF}.Release|Any CPU.ActiveCfg = Release|Any CPU
		{3C90E77C-62C3-459B-96F8-5298254F64BF}.Release|Any CPU.Build.0 = Release|Any CPU
		{A482320B-5D07-4BF8-9D83-205695EDBF83}.Debug|Any CPU.ActiveCfg = Debug|Any CPU
		{A482320B-5D07-4BF8-9D83-205695EDBF83}.Debug|Any CPU.Build.0 = Debug|Any CPU
		{A482320B-5D07-4BF8-9D83-205695EDBF83}.Release|Any CPU.ActiveCfg = Release|Any CPU
		{A482320B-5D07-4BF8-9D83-205695EDBF83}.Release|Any CPU.Build.0 = Release|Any CPU
		{448262E2-F6B6-4F41-929E-FAE7BDF3EA45}.Debug|Any CPU.ActiveCfg = Debug|Any CPU
		{448262E2-F6B6-4F41-929E-FAE7BDF3EA45}.Debug|Any CPU.Build.0 = Debug|Any CPU
		{448262E2-F6B6-4F41-929E-FAE7BDF3EA45}.Release|Any CPU.ActiveCfg = Release|Any CPU
		{448262E2-F6B6-4F41-929E-FAE7BDF3EA45}.Release|Any CPU.Build.0 = Release|Any CPU
		{9F7EFAA5-23B2-4F62-B604-A10202870021}.Debug|Any CPU.ActiveCfg = Debug|Any CPU
		{9F7EFAA5-23B2-4F62-B604-A10202870021}.Debug|Any CPU.Build.0 = Debug|Any CPU
		{9F7EFAA5-23B2-4F62-B604-A10202870021}.Release|Any CPU.ActiveCfg = Release|Any CPU
		{9F7EFAA5-23B2-4F62-B604-A10202870021}.Release|Any CPU.Build.0 = Release|Any CPU
	EndGlobalSection
	GlobalSection(SolutionProperties) = preSolution
		HideSolutionNode = FALSE
	EndGlobalSection
	GlobalSection(NestedProjects) = preSolution
		{EB89056D-E611-41EA-B202-8BDC27C9FACD} = {697A58F1-5653-4015-9365-BCE84E486C77}
		{3C90E77C-62C3-459B-96F8-5298254F64BF} = {86EFD9C2-DFED-41A1-B8F5-63D2CB4D1F54}
		{A482320B-5D07-4BF8-9D83-205695EDBF83} = {86EFD9C2-DFED-41A1-B8F5-63D2CB4D1F54}
		{448262E2-F6B6-4F41-929E-FAE7BDF3EA45} = {86EFD9C2-DFED-41A1-B8F5-63D2CB4D1F54}
		{9F7EFAA5-23B2-4F62-B604-A10202870021} = {86EFD9C2-DFED-41A1-B8F5-63D2CB4D1F54}
	EndGlobalSection
	GlobalSection(ExtensibilityGlobals) = postSolution
		SolutionGuid = {3DC3F4DF-9761-4662-87C0-2D159B2A65FE}
	EndGlobalSection
EndGlobal
